// !$*UTF8*$!
{
	archiveVersion = 1;
	classes = {
	};
	objectVersion = 46;
	objects = {

/* Begin PBXBuildFile section */
		18402C011D49C3150024434A /* AppDelegate.swift in Sources */ = {isa = PBXBuildFile; fileRef = 18402C001D49C3150024434A /* AppDelegate.swift */; };
		18402C031D49C3150024434A /* ViewController.swift in Sources */ = {isa = PBXBuildFile; fileRef = 18402C021D49C3150024434A /* ViewController.swift */; };
		18402C061D49C3150024434A /* Main.storyboard in Resources */ = {isa = PBXBuildFile; fileRef = 18402C041D49C3150024434A /* Main.storyboard */; };
		18402C081D49C3150024434A /* Assets.xcassets in Resources */ = {isa = PBXBuildFile; fileRef = 18402C071D49C3150024434A /* Assets.xcassets */; };
		18402C0B1D49C3150024434A /* LaunchScreen.storyboard in Resources */ = {isa = PBXBuildFile; fileRef = 18402C091D49C3150024434A /* LaunchScreen.storyboard */; };
		18D023CC1D824A2800F0CCE9 /* ViewControllerEasy.swift in Sources */ = {isa = PBXBuildFile; fileRef = 18D023CB1D824A2800F0CCE9 /* ViewControllerEasy.swift */; };
		63AC1D141D83DB690062E575 /* ViewControllerCrazy.swift in Sources */ = {isa = PBXBuildFile; fileRef = 63AC1D131D83DB690062E575 /* ViewControllerCrazy.swift */; };
/* End PBXBuildFile section */

/* Begin PBXFileReference section */
		18402BFD1D49C3150024434A /* cardGame.app */ = {isa = PBXFileReference; explicitFileType = wrapper.application; includeInIndex = 0; path = cardGame.app; sourceTree = BUILT_PRODUCTS_DIR; };
		18402C001D49C3150024434A /* AppDelegate.swift */ = {isa = PBXFileReference; lastKnownFileType = sourcecode.swift; path = AppDelegate.swift; sourceTree = "<group>"; };
		18402C021D49C3150024434A /* ViewController.swift */ = {isa = PBXFileReference; lastKnownFileType = sourcecode.swift; path = ViewController.swift; sourceTree = "<group>"; };
		18402C051D49C3150024434A /* Base */ = {isa = PBXFileReference; lastKnownFileType = file.storyboard; name = Base; path = Base.lproj/Main.storyboard; sourceTree = "<group>"; };
		18402C071D49C3150024434A /* Assets.xcassets */ = {isa = PBXFileReference; lastKnownFileType = folder.assetcatalog; path = Assets.xcassets; sourceTree = "<group>"; };
		18402C0A1D49C3150024434A /* Base */ = {isa = PBXFileReference; lastKnownFileType = file.storyboard; name = Base; path = Base.lproj/LaunchScreen.storyboard; sourceTree = "<group>"; };
		18402C0C1D49C3150024434A /* Info.plist */ = {isa = PBXFileReference; lastKnownFileType = text.plist.xml; path = Info.plist; sourceTree = "<group>"; };
		18D023CB1D824A2800F0CCE9 /* ViewControllerEasy.swift */ = {isa = PBXFileReference; fileEncoding = 4; lastKnownFileType = sourcecode.swift; name = ViewControllerEasy.swift; path = ../ViewControllerEasy.swift; sourceTree = "<group>"; };
		63AC1D131D83DB690062E575 /* ViewControllerCrazy.swift */ = {isa = PBXFileReference; fileEncoding = 4; lastKnownFileType = sourcecode.swift; path = ViewControllerCrazy.swift; sourceTree = "<group>"; };
/* End PBXFileReference section */

/* Begin PBXFrameworksBuildPhase section */
		18402BFA1D49C3150024434A /* Frameworks */ = {
			isa = PBXFrameworksBuildPhase;
			buildActionMask = 2147483647;
			files = (
			);
			runOnlyForDeploymentPostprocessing = 0;
		};
/* End PBXFrameworksBuildPhase section */

/* Begin PBXGroup section */
		18402BF41D49C3140024434A = {
			isa = PBXGroup;
			children = (
				18402BFF1D49C3150024434A /* cardGame */,
				18402BFE1D49C3150024434A /* Products */,
			);
			sourceTree = "<group>";
		};
		18402BFE1D49C3150024434A /* Products */ = {
			isa = PBXGroup;
			children = (
				18402BFD1D49C3150024434A /* cardGame.app */,
			);
			name = Products;
			sourceTree = "<group>";
		};
		18402BFF1D49C3150024434A /* cardGame */ = {
			isa = PBXGroup;
			children = (
				18D023CB1D824A2800F0CCE9 /* ViewControllerEasy.swift */,
				63AC1D131D83DB690062E575 /* ViewControllerCrazy.swift */,
				18402C001D49C3150024434A /* AppDelegate.swift */,
				18402C021D49C3150024434A /* ViewController.swift */,
				18402C041D49C3150024434A /* Main.storyboard */,
				18402C071D49C3150024434A /* Assets.xcassets */,
				18402C091D49C3150024434A /* LaunchScreen.storyboard */,
				18402C0C1D49C3150024434A /* Info.plist */,
			);
			path = cardGame;
			sourceTree = "<group>";
		};
/* End PBXGroup section */

/* Begin PBXNativeTarget section */
		18402BFC1D49C3150024434A /* cardGame */ = {
			isa = PBXNativeTarget;
			buildConfigurationList = 18402C0F1D49C3150024434A /* Build configuration list for PBXNativeTarget "cardGame" */;
			buildPhases = (
				18402BF91D49C3150024434A /* Sources */,
				18402BFA1D49C3150024434A /* Frameworks */,
				18402BFB1D49C3150024434A /* Resources */,
			);
			buildRules = (
			);
			dependencies = (
			);
			name = cardGame;
			productName = cardGame;
			productReference = 18402BFD1D49C3150024434A /* cardGame.app */;
			productType = "com.apple.product-type.application";
		};
/* End PBXNativeTarget section */

/* Begin PBXProject section */
		18402BF51D49C3140024434A /* Project object */ = {
			isa = PBXProject;
			attributes = {
				LastSwiftUpdateCheck = 0730;
				LastUpgradeCheck = 0730;
				ORGANIZATIONNAME = AMY/David;
				TargetAttributes = {
					18402BFC1D49C3150024434A = {
						CreatedOnToolsVersion = 7.3.1;
					};
				};
			};
			buildConfigurationList = 18402BF81D49C3140024434A /* Build configuration list for PBXProject "cardGame" */;
			compatibilityVersion = "Xcode 3.2";
			developmentRegion = English;
			hasScannedForEncodings = 0;
			knownRegions = (
				en,
				Base,
			);
			mainGroup = 18402BF41D49C3140024434A;
			productRefGroup = 18402BFE1D49C3150024434A /* Products */;
			projectDirPath = "";
			projectRoot = "";
			targets = (
				18402BFC1D49C3150024434A /* cardGame */,
			);
		};
/* End PBXProject section */

/* Begin PBXResourcesBuildPhase section */
		18402BFB1D49C3150024434A /* Resources */ = {
			isa = PBXResourcesBuildPhase;
			buildActionMask = 2147483647;
			files = (
				18402C0B1D49C3150024434A /* LaunchScreen.storyboard in Resources */,
				18402C081D49C3150024434A /* Assets.xcassets in Resources */,
				18402C061D49C3150024434A /* Main.storyboard in Resources */,
			);
			runOnlyForDeploymentPostprocessing = 0;
		};
/* End PBXResourcesBuildPhase section */

/* Begin PBXSourcesBuildPhase section */
		18402BF91D49C3150024434A /* Sources */ = {
			isa = PBXSourcesBuildPhase;
			buildActionMask = 2147483647;
			files = (
				63AC1D141D83DB690062E575 /* ViewControllerCrazy.swift in Sources */,
				18402C031D49C3150024434A /* ViewController.swift in Sources */,
				18D023CC1D824A2800F0CCE9 /* ViewControllerEasy.swift in Sources */,
				18402C011D49C3150024434A /* AppDelegate.swift in Sources */,
			);
			runOnlyForDeploymentPostprocessing = 0;
		};
/* End PBXSourcesBuildPhase section */

/* Begin PBXVariantGroup section */
		18402C041D49C3150024434A /* Main.storyboard */ = {
			isa = PBXVariantGroup;
			children = (
				18402C051D49C3150024434A /* Base */,
			);
			name = Main.storyboard;
			sourceTree = "<group>";
		};
		18402C091D49C3150024434A /* LaunchScreen.storyboard */ = {
			isa = PBXVariantGroup;
			children = (
				18402C0A1D49C3150024434A /* Base */,
			);
			name = LaunchScreen.storyboard;
			sourceTree = "<group>";
		};
/* End PBXVariantGroup section */

/* Begin XCBuildConfiguration section */
		18402C0D1D49C3150024434A /* Debug */ = {
			isa = XCBuildConfiguration;
			buildSettings = {
				ALWAYS_SEARCH_USER_PATHS = NO;
				CLANG_ANALYZER_NONNULL = YES;
				CLANG_CXX_LANGUAGE_STANDARD = "gnu++0x";
				CLANG_CXX_LIBRARY = "libc++";
				CLANG_ENABLE_MODULES = YES;
				CLANG_ENABLE_OBJC_ARC = YES;
				CLANG_WARN_BOOL_CONVERSION = YES;
				CLANG_WARN_CONSTANT_CONVERSION = YES;
				CLANG_WARN_DIRECT_OBJC_ISA_USAGE = YES_ERROR;
				CLANG_WARN_EMPTY_BODY = YES;
				CLANG_WARN_ENUM_CONVERSION = YES;
				CLANG_WARN_INT_CONVERSION = YES;
				CLANG_WARN_OBJC_ROOT_CLASS = YES_ERROR;
				CLANG_WARN_UNREACHABLE_CODE = YES;
				CLANG_WARN__DUPLICATE_METHOD_MATCH = YES;
				"CODE_SIGN_IDENTITY[sdk=iphoneos*]" = "iPhone Developer";
				COPY_PHASE_STRIP = NO;
				DEBUG_INFORMATION_FORMAT = dwarf;
				ENABLE_STRICT_OBJC_MSGSEND = YES;
				ENABLE_TESTABILITY = YES;
				GCC_C_LANGUAGE_STANDARD = gnu99;
				GCC_DYNAMIC_NO_PIC = NO;
				GCC_NO_COMMON_BLOCKS = YES;
				GCC_OPTIMIZATION_LEVEL = 0;
				GCC_PREPROCESSOR_DEFINITIONS = (
					"DEBUG=1",
					"$(inherited)",
				);
				GCC_WARN_64_TO_32_BIT_CONVERSION = YES;
				GCC_WARN_ABOUT_RETURN_TYPE = YES_ERROR;
				GCC_WARN_UNDECLARED_SELECTOR = YES;
				GCC_WARN_UNINITIALIZED_AUTOS = YES_AGGRESSIVE;
				GCC_WARN_UNUSED_FUNCTION = YES;
				GCC_WARN_UNUSED_VARIABLE = YES;
				IPHONEOS_DEPLOYMENT_TARGET = 9.3;
				MTL_ENABLE_DEBUG_INFO = YES;
				ONLY_ACTIVE_ARCH = YES;
				SDKROOT = iphoneos;
				SWIFT_OPTIMIZATION_LEVEL = "-Onone";
			};
			name = Debug;
		};
		18402C0E1D49C3150024434A /* Release */ = {
			isa = XCBuildConfiguration;
			buildSettings = {
				ALWAYS_SEARCH_USER_PATHS = NO;
				CLANG_ANALYZER_NONNULL = YES;
				CLANG_CXX_LANGUAGE_STANDARD = "gnu++0x";
				CLANG_CXX_LIBRARY = "libc++";
				CLANG_ENABLE_MODULES = YES;
				CLANG_ENABLE_OBJC_ARC = YES;
				CLANG_WARN_BOOL_CONVERSION = YES;
				CLANG_WARN_CONSTANT_CONVERSION = YES;
				CLANG_WARN_DIRECT_OBJC_ISA_USAGE = YES_ERROR;
				CLANG_WARN_EMPTY_BODY = YES;
				CLANG_WARN_ENUM_CONVERSION = YES;
				CLANG_WARN_INT_CONVERSION = YES;
				CLANG_WARN_OBJC_ROOT_CLASS = YES_ERROR;
				CLANG_WARN_UNREACHABLE_CODE = YES;
				CLANG_WARN__DUPLICATE_METHOD_MATCH = YES;
				"CODE_SIGN_IDENTITY[sdk=iphoneos*]" = "iPhone Developer";
				COPY_PHASE_STRIP = NO;
				DEBUG_INFORMATION_FORMAT = "dwarf-with-dsym";
				ENABLE_NS_ASSERTIONS = NO;
				ENABLE_STRICT_OBJC_MSGSEND = YES;
				GCC_C_LANGUAGE_STANDARD = gnu99;
				GCC_NO_COMMON_BLOCKS = YES;
				GCC_WARN_64_TO_32_BIT_CONVERSION = YES;
				GCC_WARN_ABOUT_RETURN_TYPE = YES_ERROR;
				GCC_WARN_UNDECLARED_SELECTOR = YES;
				GCC_WARN_UNINITIALIZED_AUTOS = YES_AGGRESSIVE;
				GCC_WARN_UNUSED_FUNCTION = YES;
				GCC_WARN_UNUSED_VARIABLE = YES;
				IPHONEOS_DEPLOYMENT_TARGET = 9.3;
				MTL_ENABLE_DEBUG_INFO = NO;
				SDKROOT = iphoneos;
				VALIDATE_PRODUCT = YES;
			};
			name = Release;
		};
		18402C101D49C3150024434A /* Debug */ = {
			isa = XCBuildConfiguration;
			buildSettings = {
				ASSETCATALOG_COMPILER_APPICON_NAME = AppIcon;
				INFOPLIST_FILE = cardGame/Info.plist;
				LD_RUNPATH_SEARCH_PATHS = "$(inherited) @executable_path/Frameworks";
				PRODUCT_BUNDLE_IDENTIFIER = "com-AMY-David.cardGame";
				PRODUCT_NAME = "$(TARGET_NAME)";
			};
			name = Debug;
		};
		18402C111D49C3150024434A /* Release */ = {
			isa = XCBuildConfiguration;
			buildSettings = {
				ASSETCATALOG_COMPILER_APPICON_NAME = AppIcon;
				INFOPLIST_FILE = cardGame/Info.plist;
				LD_RUNPATH_SEARCH_PATHS = "$(inherited) @executable_path/Frameworks";
				PRODUCT_BUNDLE_IDENTIFIER = "com-AMY-David.cardGame";
				PRODUCT_NAME = "$(TARGET_NAME)";
			};
			name = Release;
		};
/* End XCBuildConfiguration section */

/* Begin XCConfigurationList section */
		18402BF81D49C3140024434A /* Build configuration list for PBXProject "cardGame" */ = {
			isa = XCConfigurationList;
			buildConfigurations = (
				18402C0D1D49C3150024434A /* Debug */,
				18402C0E1D49C3150024434A /* Release */,
			);
			defaultConfigurationIsVisible = 0;
			defaultConfigurationName = Release;
		};
		18402C0F1D49C3150024434A /* Build configuration list for PBXNativeTarget "cardGame" */ = {
			isa = XCConfigurationList;
			buildConfigurations = (
				18402C101D49C3150024434A /* Debug */,
				18402C111D49C3150024434A /* Release */,
			);
			defaultConfigurationIsVisible = 0;
			defaultConfigurationName = Release;
		};
/* End XCConfigurationList section */
	};
	rootObject = 18402BF51D49C3140024434A /* Project object */;
}
